
Microsoft Visual Studio Solution File, Format Version 12.00
# Visual Studio Version 17
VisualStudioVersion = 17.8.34309.116
MinimumVisualStudioVersion = 10.0.40219.1
Project("{FAE04EC0-301F-11D3-BF4B-00C04F79EFBC}") = "Canvastry", "Canvastry\Canvastry.csproj", "{8CDB9291-272F-47AF-89CC-F72790C061DE}"
EndProject
Project("{FAE04EC0-301F-11D3-BF4B-00C04F79EFBC}") = "AppleMaze", "AppleMaze\AppleMaze.csproj", "{A9737F15-BBAC-4A29-B76F-81A2A1812E23}"
EndProject
Global
	GlobalSection(SolutionConfigurationPlatforms) = preSolution
		Debug|Any CPU = Debug|Any CPU
		Release|Any CPU = Release|Any CPU
	EndGlobalSection
	GlobalSection(ProjectConfigurationPlatforms) = postSolution
		{8CDB9291-272F-47AF-89CC-F72790C061DE}.Debug|Any CPU.ActiveCfg = Debug|Any CPU
		{8CDB9291-272F-47AF-89CC-F72790C061DE}.Debug|Any CPU.Build.0 = Debug|Any CPU
		{8CDB9291-272F-47AF-89CC-F72790C061DE}.Release|Any CPU.ActiveCfg = Release|Any CPU
		{8CDB9291-272F-47AF-89CC-F72790C061DE}.Release|Any CPU.Build.0 = Release|Any CPU
		{A9737F15-BBAC-4A29-B76F-81A2A1812E23}.Debug|Any CPU.ActiveCfg = Debug|Any CPU
		{A9737F15-BBAC-4A29-B76F-81A2A1812E23}.Debug|Any CPU.Build.0 = Debug|Any CPU
		{A9737F15-BBAC-4A29-B76F-81A2A1812E23}.Release|Any CPU.ActiveCfg = Release|Any CPU
		{A9737F15-BBAC-4A29-B76F-81A2A1812E23}.Release|Any CPU.Build.0 = Release|Any CPU
	EndGlobalSection
	GlobalSection(SolutionProperties) = preSolution
		HideSolutionNode = FALSE
	EndGlobalSection
	GlobalSection(ExtensibilityGlobals) = postSolution
		SolutionGuid = {E53E15AE-4422-4013-B97D-2D2C4463FCA4}
	EndGlobalSection
EndGlobal
